
Microsoft Visual Studio Solution File, Format Version 12.00
# Visual Studio 2017
Project("{FAE04EC0-301F-11D3-BF4B-00C04F79EFBC}") = "ANDREW_SENTOSO_UFO_GAME", "ANDREW_SENTOSO_UFO_GAME.csproj", "{BC327AD7-115D-088A-7F30-B890CE02972D}"
EndProject
Global
	GlobalSection(SolutionConfigurationPlatforms) = preSolution
		Debug|Any CPU = Debug|Any CPU
		Release|Any CPU = Release|Any CPU
	EndGlobalSection
	GlobalSection(ProjectConfigurationPlatforms) = postSolution
		{BC327AD7-115D-088A-7F30-B890CE02972D}.Debug|Any CPU.ActiveCfg = Debug|Any CPU
		{BC327AD7-115D-088A-7F30-B890CE02972D}.Debug|Any CPU.Build.0 = Debug|Any CPU
		{BC327AD7-115D-088A-7F30-B890CE02972D}.Release|Any CPU.ActiveCfg = Release|Any CPU
		{BC327AD7-115D-088A-7F30-B890CE02972D}.Release|Any CPU.Build.0 = Release|Any CPU
	EndGlobalSection
	GlobalSection(SolutionProperties) = preSolution
		HideSolutionNode = FALSE
	EndGlobalSection
EndGlobal
